// !$*UTF8*$!
{
	archiveVersion = 1;
	classes = {
	};
	objectVersion = 50;
	objects = {

/* Begin PBXBuildFile section */
		7BA0FF17263CB82D00E5BA8D /* MyOkashiApp.swift in Sources */ = {isa = PBXBuildFile; fileRef = 7BA0FF16263CB82D00E5BA8D /* MyOkashiApp.swift */; };
		7BA0FF19263CB82D00E5BA8D /* ContentView.swift in Sources */ = {isa = PBXBuildFile; fileRef = 7BA0FF18263CB82D00E5BA8D /* ContentView.swift */; };
		7BA0FF1B263CB82E00E5BA8D /* Assets.xcassets in Resources */ = {isa = PBXBuildFile; fileRef = 7BA0FF1A263CB82E00E5BA8D /* Assets.xcassets */; };
		7BA0FF1E263CB82E00E5BA8D /* Preview Assets.xcassets in Resources */ = {isa = PBXBuildFile; fileRef = 7BA0FF1D263CB82E00E5BA8D /* Preview Assets.xcassets */; };
		7BA0FF27263CB8F400E5BA8D /* OkashiData.swift in Sources */ = {isa = PBXBuildFile; fileRef = 7BA0FF26263CB8F400E5BA8D /* OkashiData.swift */; };
		7BA0FF2B263CD2B200E5BA8D /* SafariView.swift in Sources */ = {isa = PBXBuildFile; fileRef = 7BA0FF2A263CD2B200E5BA8D /* SafariView.swift */; };
/* End PBXBuildFile section */

/* Begin PBXFileReference section */
		7BA0FF13263CB82D00E5BA8D /* MyOkashi.app */ = {isa = PBXFileReference; explicitFileType = wrapper.application; includeInIndex = 0; path = MyOkashi.app; sourceTree = BUILT_PRODUCTS_DIR; };
		7BA0FF16263CB82D00E5BA8D /* MyOkashiApp.swift */ = {isa = PBXFileReference; lastKnownFileType = sourcecode.swift; path = MyOkashiApp.swift; sourceTree = "<group>"; };
		7BA0FF18263CB82D00E5BA8D /* ContentView.swift */ = {isa = PBXFileReference; lastKnownFileType = sourcecode.swift; path = ContentView.swift; sourceTree = "<group>"; };
		7BA0FF1A263CB82E00E5BA8D /* Assets.xcassets */ = {isa = PBXFileReference; lastKnownFileType = folder.assetcatalog; path = Assets.xcassets; sourceTree = "<group>"; };
		7BA0FF1D263CB82E00E5BA8D /* Preview Assets.xcassets */ = {isa = PBXFileReference; lastKnownFileType = folder.assetcatalog; path = "Preview Assets.xcassets"; sourceTree = "<group>"; };
		7BA0FF1F263CB82E00E5BA8D /* Info.plist */ = {isa = PBXFileReference; lastKnownFileType = text.plist.xml; path = Info.plist; sourceTree = "<group>"; };
		7BA0FF26263CB8F400E5BA8D /* OkashiData.swift */ = {isa = PBXFileReference; lastKnownFileType = sourcecode.swift; path = OkashiData.swift; sourceTree = "<group>"; };
		7BA0FF2A263CD2B200E5BA8D /* SafariView.swift */ = {isa = PBXFileReference; lastKnownFileType = sourcecode.swift; path = SafariView.swift; sourceTree = "<group>"; };
/* End PBXFileReference section */

/* Begin PBXFrameworksBuildPhase section */
		7BA0FF10263CB82D00E5BA8D /* Frameworks */ = {
			isa = PBXFrameworksBuildPhase;
			buildActionMask = 2147483647;
			files = (
			);
			runOnlyForDeploymentPostprocessing = 0;
		};
/* End PBXFrameworksBuildPhase section */

/* Begin PBXGroup section */
		7BA0FF0A263CB82D00E5BA8D = {
			isa = PBXGroup;
			children = (
				7BA0FF15263CB82D00E5BA8D /* MyOkashi */,
				7BA0FF14263CB82D00E5BA8D /* Products */,
			);
			sourceTree = "<group>";
		};
		7BA0FF14263CB82D00E5BA8D /* Products */ = {
			isa = PBXGroup;
			children = (
				7BA0FF13263CB82D00E5BA8D /* MyOkashi.app */,
			);
			name = Products;
			sourceTree = "<group>";
		};
		7BA0FF15263CB82D00E5BA8D /* MyOkashi */ = {
			isa = PBXGroup;
			children = (
				7BA0FF16263CB82D00E5BA8D /* MyOkashiApp.swift */,
				7BA0FF18263CB82D00E5BA8D /* ContentView.swift */,
				7BA0FF2A263CD2B200E5BA8D /* SafariView.swift */,
				7BA0FF26263CB8F400E5BA8D /* OkashiData.swift */,
				7BA0FF1A263CB82E00E5BA8D /* Assets.xcassets */,
				7BA0FF1F263CB82E00E5BA8D /* Info.plist */,
				7BA0FF1C263CB82E00E5BA8D /* Preview Content */,
			);
			path = MyOkashi;
			sourceTree = "<group>";
		};
		7BA0FF1C263CB82E00E5BA8D /* Preview Content */ = {
			isa = PBXGroup;
			children = (
				7BA0FF1D263CB82E00E5BA8D /* Preview Assets.xcassets */,
			);
			path = "Preview Content";
			sourceTree = "<group>";
		};
/* End PBXGroup section */

/* Begin PBXNativeTarget section */
		7BA0FF12263CB82D00E5BA8D /* MyOkashi */ = {
			isa = PBXNativeTarget;
			buildConfigurationList = 7BA0FF22263CB82E00E5BA8D /* Build configuration list for PBXNativeTarget "MyOkashi" */;
			buildPhases = (
				7BA0FF0F263CB82D00E5BA8D /* Sources */,
				7BA0FF10263CB82D00E5BA8D /* Frameworks */,
				7BA0FF11263CB82D00E5BA8D /* Resources */,
			);
			buildRules = (
			);
			dependencies = (
			);
			name = MyOkashi;
			productName = MyOkashi;
			productReference = 7BA0FF13263CB82D00E5BA8D /* MyOkashi.app */;
			productType = "com.apple.product-type.application";
		};
/* End PBXNativeTarget section */

/* Begin PBXProject section */
		7BA0FF0B263CB82D00E5BA8D /* Project object */ = {
			isa = PBXProject;
			attributes = {
				LastSwiftUpdateCheck = 1240;
				LastUpgradeCheck = 1240;
				TargetAttributes = {
					7BA0FF12263CB82D00E5BA8D = {
						CreatedOnToolsVersion = 12.4;
					};
				};
			};
			buildConfigurationList = 7BA0FF0E263CB82D00E5BA8D /* Build configuration list for PBXProject "MyOkashi" */;
			compatibilityVersion = "Xcode 9.3";
			developmentRegion = en;
			hasScannedForEncodings = 0;
			knownRegions = (
				en,
				Base,
			);
			mainGroup = 7BA0FF0A263CB82D00E5BA8D;
			productRefGroup = 7BA0FF14263CB82D00E5BA8D /* Products */;
			projectDirPath = "";
			projectRoot = "";
			targets = (
				7BA0FF12263CB82D00E5BA8D /* MyOkashi */,
			);
		};
/* End PBXProject section */

/* Begin PBXResourcesBuildPhase section */
		7BA0FF11263CB82D00E5BA8D /* Resources */ = {
			isa = PBXResourcesBuildPhase;
			buildActionMask = 2147483647;
			files = (
				7BA0FF1E263CB82E00E5BA8D /* Preview Assets.xcassets in Resources */,
				7BA0FF1B263CB82E00E5BA8D /* Assets.xcassets in Resources */,
			);
			runOnlyForDeploymentPostprocessing = 0;
		};
/* End PBXResourcesBuildPhase section */

/* Begin PBXSourcesBuildPhase section */
		7BA0FF0F263CB82D00E5BA8D /* Sources */ = {
			isa = PBXSourcesBuildPhase;
			buildActionMask = 2147483647;
			files = (
				7BA0FF2B263CD2B200E5BA8D /* SafariView.swift in Sources */,
				7BA0FF19263CB82D00E5BA8D /* ContentView.swift in Sources */,
				7BA0FF27263CB8F400E5BA8D /* OkashiData.swift in Sources */,
				7BA0FF17263CB82D00E5BA8D /* MyOkashiApp.swift in Sources */,
			);
			runOnlyForDeploymentPostprocessing = 0;
		};
/* End PBXSourcesBuildPhase section */

/* Begin XCBuildConfiguration section */
		7BA0FF20263CB82E00E5BA8D /* Debug */ = {
			isa = XCBuildConfiguration;
			buildSettings = {
				ALWAYS_SEARCH_USER_PATHS = NO;
				CLANG_ANALYZER_NONNULL = YES;
				CLANG_ANALYZER_NUMBER_OBJECT_CONVERSION = YES_AGGRESSIVE;
				CLANG_CXX_LANGUAGE_STANDARD = "gnu++14";
				CLANG_CXX_LIBRARY = "libc++";
				CLANG_ENABLE_MODULES = YES;
				CLANG_ENABLE_OBJC_ARC = YES;
				CLANG_ENABLE_OBJC_WEAK = YES;
				CLANG_WARN_BLOCK_CAPTURE_AUTORELEASING = YES;
				CLANG_WARN_BOOL_CONVERSION = YES;
				CLANG_WARN_COMMA = YES;
				CLANG_WARN_CONSTANT_CONVERSION = YES;
				CLANG_WARN_DEPRECATED_OBJC_IMPLEMENTATIONS = YES;
				CLANG_WARN_DIRECT_OBJC_ISA_USAGE = YES_ERROR;
				CLANG_WARN_DOCUMENTATION_COMMENTS = YES;
				CLANG_WARN_EMPTY_BODY = YES;
				CLANG_WARN_ENUM_CONVERSION = YES;
				CLANG_WARN_INFINITE_RECURSION = YES;
				CLANG_WARN_INT_CONVERSION = YES;
				CLANG_WARN_NON_LITERAL_NULL_CONVERSION = YES;
				CLANG_WARN_OBJC_IMPLICIT_RETAIN_SELF = YES;
				CLANG_WARN_OBJC_LITERAL_CONVERSION = YES;
				CLANG_WARN_OBJC_ROOT_CLASS = YES_ERROR;
				CLANG_WARN_QUOTED_INCLUDE_IN_FRAMEWORK_HEADER = YES;
				CLANG_WARN_RANGE_LOOP_ANALYSIS = YES;
				CLANG_WARN_STRICT_PROTOTYPES = YES;
				CLANG_WARN_SUSPICIOUS_MOVE = YES;
				CLANG_WARN_UNGUARDED_AVAILABILITY = YES_AGGRESSIVE;
				CLANG_WARN_UNREACHABLE_CODE = YES;
				CLANG_WARN__DUPLICATE_METHOD_MATCH = YES;
				COPY_PHASE_STRIP = NO;
				DEBUG_INFORMATION_FORMAT = dwarf;
				ENABLE_STRICT_OBJC_MSGSEND = YES;
				ENABLE_TESTABILITY = YES;
				GCC_C_LANGUAGE_STANDARD = gnu11;
				GCC_DYNAMIC_NO_PIC = NO;
				GCC_NO_COMMON_BLOCKS = YES;
				GCC_OPTIMIZATION_LEVEL = 0;
				GCC_PREPROCESSOR_DEFINITIONS = (
					"DEBUG=1",
					"$(inherited)",
				);
				GCC_WARN_64_TO_32_BIT_CONVERSION = YES;
				GCC_WARN_ABOUT_RETURN_TYPE = YES_ERROR;
				GCC_WARN_UNDECLARED_SELECTOR = YES;
				GCC_WARN_UNINITIALIZED_AUTOS = YES_AGGRESSIVE;
				GCC_WARN_UNUSED_FUNCTION = YES;
				GCC_WARN_UNUSED_VARIABLE = YES;
				IPHONEOS_DEPLOYMENT_TARGET = 14.4;
				MTL_ENABLE_DEBUG_INFO = INCLUDE_SOURCE;
				MTL_FAST_MATH = YES;
				ONLY_ACTIVE_ARCH = YES;
				SDKROOT = iphoneos;
				SWIFT_ACTIVE_COMPILATION_CONDITIONS = DEBUG;
				SWIFT_OPTIMIZATION_LEVEL = "-Onone";
			};
			name = Debug;
		};
		7BA0FF21263CB82E00E5BA8D /* Release */ = {
			isa = XCBuildConfiguration;
			buildSettings = {
				ALWAYS_SEARCH_USER_PATHS = NO;
				CLANG_ANALYZER_NONNULL = YES;
				CLANG_ANALYZER_NUMBER_OBJECT_CONVERSION = YES_AGGRESSIVE;
				CLANG_CXX_LANGUAGE_STANDARD = "gnu++14";
				CLANG_CXX_LIBRARY = "libc++";
				CLANG_ENABLE_MODULES = YES;
				CLANG_ENABLE_OBJC_ARC = YES;
				CLANG_ENABLE_OBJC_WEAK = YES;
				CLANG_WARN_BLOCK_CAPTURE_AUTORELEASING = YES;
				CLANG_WARN_BOOL_CONVERSION = YES;
				CLANG_WARN_COMMA = YES;
				CLANG_WARN_CONSTANT_CONVERSION = YES;
				CLANG_WARN_DEPRECATED_OBJC_IMPLEMENTATIONS = YES;
				CLANG_WARN_DIRECT_OBJC_ISA_USAGE = YES_ERROR;
				CLANG_WARN_DOCUMENTATION_COMMENTS = YES;
				CLANG_WARN_EMPTY_BODY = YES;
				CLANG_WARN_ENUM_CONVERSION = YES;
				CLANG_WARN_INFINITE_RECURSION = YES;
				CLANG_WARN_INT_CONVERSION = YES;
				CLANG_WARN_NON_LITERAL_NULL_CONVERSION = YES;
				CLANG_WARN_OBJC_IMPLICIT_RETAIN_SELF = YES;
				CLANG_WARN_OBJC_LITERAL_CONVERSION = YES;
				CLANG_WARN_OBJC_ROOT_CLASS = YES_ERROR;
				CLANG_WARN_QUOTED_INCLUDE_IN_FRAMEWORK_HEADER = YES;
				CLANG_WARN_RANGE_LOOP_ANALYSIS = YES;
				CLANG_WARN_STRICT_PROTOTYPES = YES;
				CLANG_WARN_SUSPICIOUS_MOVE = YES;
				CLANG_WARN_UNGUARDED_AVAILABILITY = YES_AGGRESSIVE;
				CLANG_WARN_UNREACHABLE_CODE = YES;
				CLANG_WARN__DUPLICATE_METHOD_MATCH = YES;
				COPY_PHASE_STRIP = NO;
				DEBUG_INFORMATION_FORMAT = "dwarf-with-dsym";
				ENABLE_NS_ASSERTIONS = NO;
				ENABLE_STRICT_OBJC_MSGSEND = YES;
				GCC_C_LANGUAGE_STANDARD = gnu11;
				GCC_NO_COMMON_BLOCKS = YES;
				GCC_WARN_64_TO_32_BIT_CONVERSION = YES;
				GCC_WARN_ABOUT_RETURN_TYPE = YES_ERROR;
				GCC_WARN_UNDECLARED_SELECTOR = YES;
				GCC_WARN_UNINITIALIZED_AUTOS = YES_AGGRESSIVE;
				GCC_WARN_UNUSED_FUNCTION = YES;
				GCC_WARN_UNUSED_VARIABLE = YES;
				IPHONEOS_DEPLOYMENT_TARGET = 14.4;
				MTL_ENABLE_DEBUG_INFO = NO;
				MTL_FAST_MATH = YES;
				SDKROOT = iphoneos;
				SWIFT_COMPILATION_MODE = wholemodule;
				SWIFT_OPTIMIZATION_LEVEL = "-O";
				VALIDATE_PRODUCT = YES;
			};
			name = Release;
		};
		7BA0FF23263CB82E00E5BA8D /* Debug */ = {
			isa = XCBuildConfiguration;
			buildSettings = {
				ASSETCATALOG_COMPILER_APPICON_NAME = AppIcon;
				ASSETCATALOG_COMPILER_GLOBAL_ACCENT_COLOR_NAME = AccentColor;
				CODE_SIGN_STYLE = Automatic;
				DEVELOPMENT_ASSET_PATHS = "\"MyOkashi/Preview Content\"";
				DEVELOPMENT_TEAM = T5JUPZYCW9;
				ENABLE_PREVIEWS = YES;
				INFOPLIST_FILE = MyOkashi/Info.plist;
				IPHONEOS_DEPLOYMENT_TARGET = 14.0;
				LD_RUNPATH_SEARCH_PATHS = (
					"$(inherited)",
					"@executable_path/Frameworks",
				);
				PRODUCT_BUNDLE_IDENTIFIER = com.kawarimidoll.MyOkashi;
				PRODUCT_NAME = "$(TARGET_NAME)";
				SWIFT_VERSION = 5.0;
				TARGETED_DEVICE_FAMILY = "1,2";
			};
			name = Debug;
		};
		7BA0FF24263CB82E00E5BA8D /* Release */ = {
			isa = XCBuildConfiguration;
			buildSettings = {
				ASSETCATALOG_COMPILER_APPICON_NAME = AppIcon;
				ASSETCATALOG_COMPILER_GLOBAL_ACCENT_COLOR_NAME = AccentColor;
				CODE_SIGN_STYLE = Automatic;
				DEVELOPMENT_ASSET_PATHS = "\"MyOkashi/Preview Content\"";
				DEVELOPMENT_TEAM = T5JUPZYCW9;
				ENABLE_PREVIEWS = YES;
				INFOPLIST_FILE = MyOkashi/Info.plist;
				IPHONEOS_DEPLOYMENT_TARGET = 14.0;
				LD_RUNPATH_SEARCH_PATHS = (
					"$(inherited)",
					"@executable_path/Frameworks",
				);
				PRODUCT_BUNDLE_IDENTIFIER = com.kawarimidoll.MyOkashi;
				PRODUCT_NAME = "$(TARGET_NAME)";
				SWIFT_VERSION = 5.0;
				TARGETED_DEVICE_FAMILY = "1,2";
			};
			name = Release;
		};
/* End XCBuildConfiguration section */

/* Begin XCConfigurationList section */
		7BA0FF0E263CB82D00E5BA8D /* Build configuration list for PBXProject "MyOkashi" */ = {
			isa = XCConfigurationList;
			buildConfigurations = (
				7BA0FF20263CB82E00E5BA8D /* Debug */,
				7BA0FF21263CB82E00E5BA8D /* Release */,
			);
			defaultConfigurationIsVisible = 0;
			defaultConfigurationName = Release;
		};
		7BA0FF22263CB82E00E5BA8D /* Build configuration list for PBXNativeTarget "MyOkashi" */ = {
			isa = XCConfigurationList;
			buildConfigurations = (
				7BA0FF23263CB82E00E5BA8D /* Debug */,
				7BA0FF24263CB82E00E5BA8D /* Release */,
			);
			defaultConfigurationIsVisible = 0;
			defaultConfigurationName = Release;
		};
/* End XCConfigurationList section */
	};
	rootObject = 7BA0FF0B263CB82D00E5BA8D /* Project object */;
}
